Microsoft Visual Studio Solution File, Format Version 12.00
# Visual Studio Version 17
VisualStudioVersion = 17.5.2.0
MinimumVisualStudioVersion = 10.0.40219.1
Project("{FAE04EC0-301F-11D3-BF4B-00C04F79EFBC}") = "fashion_shop.API", "fashion_shop.API.csproj", "{E95DAF14-5F98-27E4-AAEF-056F919E6817}"
EndProject
Global
	GlobalSection(SolutionConfigurationPlatforms) = preSolution
		Debug|Any CPU = Debug|Any CPU
		Release|Any CPU = Release|Any CPU
	EndGlobalSection
	GlobalSection(ProjectConfigurationPlatforms) = postSolution
		{E95DAF14-5F98-27E4-AAEF-056F919E6817}.Debug|Any CPU.ActiveCfg = Debug|Any CPU
		{E95DAF14-5F98-27E4-AAEF-056F919E6817}.Debug|Any CPU.Build.0 = Debug|Any CPU
		{E95DAF14-5F98-27E4-AAEF-056F919E6817}.Release|Any CPU.ActiveCfg = Release|Any CPU
		{E95DAF14-5F98-27E4-AAEF-056F919E6817}.Release|Any CPU.Build.0 = Release|Any CPU
	EndGlobalSection
	GlobalSection(SolutionProperties) = preSolution
		HideSolutionNode = FALSE
	EndGlobalSection
	GlobalSection(ExtensibilityGlobals) = postSolution
		SolutionGuid = {F956B567-DDD4-4A4E-9BE9-7A4E6FBA8B70}
	EndGlobalSection
EndGlobal
